# THIS IS AN AUTOGENERATED FILE. DO NOT EDIT THIS FILE DIRECTLY.
# yarn lockfile v1


grpc-web@^1.0.6:
  version "1.0.6"
  resolved "https://registry.yarnpkg.com/grpc-web/-/grpc-web-1.0.6.tgz#9dc2886b5bff5cee08e51960e33702322890376e"
  integrity sha512-iwqchQXNsA8bcJwuYEv/A8ScEaf5nA5+vtptEv2KN646KW94tsq7O+Q7hy5+gADOg6XhmJqPhSlvTMdiHlVfcw==
